
Microsoft Visual Studio Solution File, Format Version 12.00
# Visual Studio Version 17
VisualStudioVersion = 17.0.31903.59
MinimumVisualStudioVersion = 10.0.40219.1
Project("{FAE04EC0-301F-11D3-BF4B-00C04F79EFBC}") = "MudBlazorCrmApp", "MudBlazorCrmApp\MudBlazorCrmApp.csproj", "{64E809EF-7A61-48A1-9BC0-E6ABD43B10FE}"
EndProject
Project("{FAE04EC0-301F-11D3-BF4B-00C04F79EFBC}") = "MudBlazorCrmApp.Shared", "MudBlazorCrmApp.Shared\MudBlazorCrmApp.Shared.csproj", "{6DCFE57D-545E-4D6C-A9D8-C5FB8F03C18E}"
EndProject
Project("{FAE04EC0-301F-11D3-BF4B-00C04F79EFBC}") = "MudBlazorCrmApp.Shared.Blazor", "MudBlazorCrmApp.Shared.Blazor\MudBlazorCrmApp.Shared.Blazor.csproj", "{C8216655-0F23-464E-94AE-F758319E52AE}"
EndProject
Project("{FAE04EC0-301F-11D3-BF4B-00C04F79EFBC}") = "MudBlazorCrmApp.Blazor", "MudBlazorCrmApp.Blazor\MudBlazorCrmApp.Blazor.csproj", "{8B6429F2-E438-4C00-AEDF-748935B605C4}"
EndProject
Global
	GlobalSection(SolutionConfigurationPlatforms) = preSolution
		Debug|Any CPU = Debug|Any CPU
		Debug|x64 = Debug|x64
		Debug|x86 = Debug|x86
		Release|Any CPU = Release|Any CPU
		Release|x64 = Release|x64
		Release|x86 = Release|x86
	EndGlobalSection
	GlobalSection(ProjectConfigurationPlatforms) = postSolution
		{64E809EF-7A61-48A1-9BC0-E6ABD43B10FE}.Debug|Any CPU.ActiveCfg = Debug|Any CPU
		{64E809EF-7A61-48A1-9BC0-E6ABD43B10FE}.Debug|Any CPU.Build.0 = Debug|Any CPU
		{64E809EF-7A61-48A1-9BC0-E6ABD43B10FE}.Debug|x64.ActiveCfg = Debug|Any CPU
		{64E809EF-7A61-48A1-9BC0-E6ABD43B10FE}.Debug|x64.Build.0 = Debug|Any CPU
		{64E809EF-7A61-48A1-9BC0-E6ABD43B10FE}.Debug|x86.ActiveCfg = Debug|Any CPU
		{64E809EF-7A61-48A1-9BC0-E6ABD43B10FE}.Debug|x86.Build.0 = Debug|Any CPU
		{64E809EF-7A61-48A1-9BC0-E6ABD43B10FE}.Release|Any CPU.ActiveCfg = Release|Any CPU
		{64E809EF-7A61-48A1-9BC0-E6ABD43B10FE}.Release|Any CPU.Build.0 = Release|Any CPU
		{64E809EF-7A61-48A1-9BC0-E6ABD43B10FE}.Release|x64.ActiveCfg = Release|Any CPU
		{64E809EF-7A61-48A1-9BC0-E6ABD43B10FE}.Release|x64.Build.0 = Release|Any CPU
		{64E809EF-7A61-48A1-9BC0-E6ABD43B10FE}.Release|x86.ActiveCfg = Release|Any CPU
		{64E809EF-7A61-48A1-9BC0-E6ABD43B10FE}.Release|x86.Build.0 = Release|Any CPU
		{6DCFE57D-545E-4D6C-A9D8-C5FB8F03C18E}.Debug|Any CPU.ActiveCfg = Debug|Any CPU
		{6DCFE57D-545E-4D6C-A9D8-C5FB8F03C18E}.Debug|Any CPU.Build.0 = Debug|Any CPU
		{6DCFE57D-545E-4D6C-A9D8-C5FB8F03C18E}.Debug|x64.ActiveCfg = Debug|Any CPU
		{6DCFE57D-545E-4D6C-A9D8-C5FB8F03C18E}.Debug|x64.Build.0 = Debug|Any CPU
		{6DCFE57D-545E-4D6C-A9D8-C5FB8F03C18E}.Debug|x86.ActiveCfg = Debug|Any CPU
		{6DCFE57D-545E-4D6C-A9D8-C5FB8F03C18E}.Debug|x86.Build.0 = Debug|Any CPU
		{6DCFE57D-545E-4D6C-A9D8-C5FB8F03C18E}.Release|Any CPU.ActiveCfg = Release|Any CPU
		{6DCFE57D-545E-4D6C-A9D8-C5FB8F03C18E}.Release|Any CPU.Build.0 = Release|Any CPU
		{6DCFE57D-545E-4D6C-A9D8-C5FB8F03C18E}.Release|x64.ActiveCfg = Release|Any CPU
		{6DCFE57D-545E-4D6C-A9D8-C5FB8F03C18E}.Release|x64.Build.0 = Release|Any CPU
		{6DCFE57D-545E-4D6C-A9D8-C5FB8F03C18E}.Release|x86.ActiveCfg = Release|Any CPU
		{6DCFE57D-545E-4D6C-A9D8-C5FB8F03C18E}.Release|x86.Build.0 = Release|Any CPU
		{C8216655-0F23-464E-94AE-F758319E52AE}.Debug|Any CPU.ActiveCfg = Debug|Any CPU
		{C8216655-0F23-464E-94AE-F758319E52AE}.Debug|Any CPU.Build.0 = Debug|Any CPU
		{C8216655-0F23-464E-94AE-F758319E52AE}.Debug|x64.ActiveCfg = Debug|Any CPU
		{C8216655-0F23-464E-94AE-F758319E52AE}.Debug|x64.Build.0 = Debug|Any CPU
		{C8216655-0F23-464E-94AE-F758319E52AE}.Debug|x86.ActiveCfg = Debug|Any CPU
		{C8216655-0F23-464E-94AE-F758319E52AE}.Debug|x86.Build.0 = Debug|Any CPU
		{C8216655-0F23-464E-94AE-F758319E52AE}.Release|Any CPU.ActiveCfg = Release|Any CPU
		{C8216655-0F23-464E-94AE-F758319E52AE}.Release|Any CPU.Build.0 = Release|Any CPU
		{C8216655-0F23-464E-94AE-F758319E52AE}.Release|x64.ActiveCfg = Release|Any CPU
		{C8216655-0F23-464E-94AE-F758319E52AE}.Release|x64.Build.0 = Release|Any CPU
		{C8216655-0F23-464E-94AE-F758319E52AE}.Release|x86.ActiveCfg = Release|Any CPU
		{C8216655-0F23-464E-94AE-F758319E52AE}.Release|x86.Build.0 = Release|Any CPU
		{8B6429F2-E438-4C00-AEDF-748935B605C4}.Debug|Any CPU.ActiveCfg = Debug|Any CPU
		{8B6429F2-E438-4C00-AEDF-748935B605C4}.Debug|Any CPU.Build.0 = Debug|Any CPU
		{8B6429F2-E438-4C00-AEDF-748935B605C4}.Debug|x64.ActiveCfg = Debug|Any CPU
		{8B6429F2-E438-4C00-AEDF-748935B605C4}.Debug|x64.Build.0 = Debug|Any CPU
		{8B6429F2-E438-4C00-AEDF-748935B605C4}.Debug|x86.ActiveCfg = Debug|Any CPU
		{8B6429F2-E438-4C00-AEDF-748935B605C4}.Debug|x86.Build.0 = Debug|Any CPU
		{8B6429F2-E438-4C00-AEDF-748935B605C4}.Release|Any CPU.ActiveCfg = Release|Any CPU
		{8B6429F2-E438-4C00-AEDF-748935B605C4}.Release|Any CPU.Build.0 = Release|Any CPU
		{8B6429F2-E438-4C00-AEDF-748935B605C4}.Release|x64.ActiveCfg = Release|Any CPU
		{8B6429F2-E438-4C00-AEDF-748935B605C4}.Release|x64.Build.0 = Release|Any CPU
		{8B6429F2-E438-4C00-AEDF-748935B605C4}.Release|x86.ActiveCfg = Release|Any CPU
		{8B6429F2-E438-4C00-AEDF-748935B605C4}.Release|x86.Build.0 = Release|Any CPU
	EndGlobalSection
	GlobalSection(SolutionProperties) = preSolution
		HideSolutionNode = FALSE
	EndGlobalSection
EndGlobal
